
Microsoft Visual Studio Solution File, Format Version 12.00
# Visual Studio Version 17
VisualStudioVersion = 17.6.33815.320
MinimumVisualStudioVersion = 10.0.40219.1
Project("{9A19103F-16F7-4668-BE54-9A1E7A4F7556}") = "GameCenter", "GameCenter\GameCenter.csproj", "{0EF52B65-5798-47AF-B602-40A9EA02C8EC}"
EndProject
Project("{FAE04EC0-301F-11D3-BF4B-00C04F79EFBC}") = "GameCenter.Tests", "GameCenter.Tests\GameCenter.Tests.csproj", "{C1E97741-C22C-44F3-B21F-A2EA82F88D5B}"
EndProject
Global
	GlobalSection(SolutionConfigurationPlatforms) = preSolution
		Debug|Any CPU = Debug|Any CPU
		Release|Any CPU = Release|Any CPU
	EndGlobalSection
	GlobalSection(ProjectConfigurationPlatforms) = postSolution
		{0EF52B65-5798-47AF-B602-40A9EA02C8EC}.Debug|Any CPU.ActiveCfg = Debug|Any CPU
		{0EF52B65-5798-47AF-B602-40A9EA02C8EC}.Debug|Any CPU.Build.0 = Debug|Any CPU
		{0EF52B65-5798-47AF-B602-40A9EA02C8EC}.Release|Any CPU.ActiveCfg = Release|Any CPU
		{0EF52B65-5798-47AF-B602-40A9EA02C8EC}.Release|Any CPU.Build.0 = Release|Any CPU
		{C1E97741-C22C-44F3-B21F-A2EA82F88D5B}.Debug|Any CPU.ActiveCfg = Debug|Any CPU
		{C1E97741-C22C-44F3-B21F-A2EA82F88D5B}.Debug|Any CPU.Build.0 = Debug|Any CPU
		{C1E97741-C22C-44F3-B21F-A2EA82F88D5B}.Release|Any CPU.ActiveCfg = Release|Any CPU
		{C1E97741-C22C-44F3-B21F-A2EA82F88D5B}.Release|Any CPU.Build.0 = Release|Any CPU
	EndGlobalSection
	GlobalSection(SolutionProperties) = preSolution
		HideSolutionNode = FALSE
	EndGlobalSection
	GlobalSection(ExtensibilityGlobals) = postSolution
		SolutionGuid = {4B5E3DB4-76EC-47ED-9D88-5968B0D0DEAA}
	EndGlobalSection
EndGlobal
